
Microsoft Visual Studio Solution File, Format Version 12.00
# Visual Studio Version 17
VisualStudioVersion = 17.3.32929.385
MinimumVisualStudioVersion = 10.0.40219.1
Project("{9A19103F-16F7-4668-BE54-9A1E7A4F7556}") = "Rock Paper Scissors", "Rock Paper Scissors.csproj", "{2B25B719-5ACA-4CF2-B20E-0B58C61C6B2A}"
EndProject
Project("{FAE04EC0-301F-11D3-BF4B-00C04F79EFBC}") = "Rock Paper Scissors Tests", "..\Rock Paper Scissors Tests\Rock Paper Scissors Tests.csproj", "{B0F2F522-73C8-4DE0-9B55-F1602D16B1BF}"
EndProject
Global
	GlobalSection(SolutionConfigurationPlatforms) = preSolution
		Debug|Any CPU = Debug|Any CPU
		Release|Any CPU = Release|Any CPU
	EndGlobalSection
	GlobalSection(ProjectConfigurationPlatforms) = postSolution
		{2B25B719-5ACA-4CF2-B20E-0B58C61C6B2A}.Debug|Any CPU.ActiveCfg = Debug|Any CPU
		{2B25B719-5ACA-4CF2-B20E-0B58C61C6B2A}.Debug|Any CPU.Build.0 = Debug|Any CPU
		{2B25B719-5ACA-4CF2-B20E-0B58C61C6B2A}.Release|Any CPU.ActiveCfg = Release|Any CPU
		{2B25B719-5ACA-4CF2-B20E-0B58C61C6B2A}.Release|Any CPU.Build.0 = Release|Any CPU
		{B0F2F522-73C8-4DE0-9B55-F1602D16B1BF}.Debug|Any CPU.ActiveCfg = Debug|Any CPU
		{B0F2F522-73C8-4DE0-9B55-F1602D16B1BF}.Debug|Any CPU.Build.0 = Debug|Any CPU
		{B0F2F522-73C8-4DE0-9B55-F1602D16B1BF}.Release|Any CPU.ActiveCfg = Release|Any CPU
		{B0F2F522-73C8-4DE0-9B55-F1602D16B1BF}.Release|Any CPU.Build.0 = Release|Any CPU
	EndGlobalSection
	GlobalSection(SolutionProperties) = preSolution
		HideSolutionNode = FALSE
	EndGlobalSection
	GlobalSection(ExtensibilityGlobals) = postSolution
		SolutionGuid = {6EFA8088-7DAC-464E-846E-C58A8EBF4489}
	EndGlobalSection
EndGlobal
